
Microsoft Visual Studio Solution File, Format Version 12.00
# Visual Studio 15
VisualStudioVersion = 15.0.27428.2043
MinimumVisualStudioVersion = 10.0.40219.1
Project("{FAE04EC0-301F-11D3-BF4B-00C04F79EFBC}") = "IBT.Consumer.PartnerA", "IBT.Consumer.PartnerA\IBT.Consumer.PartnerA.csproj", "{E4A1F703-1FDD-42C6-B644-052C07504D53}"
EndProject
Project("{FAE04EC0-301F-11D3-BF4B-00C04F79EFBC}") = "IBT.Consumer.PartnerB", "IBT.Consumer.PartnerB\IBT.Consumer.PartnerB.csproj", "{05C9F4D1-1B16-4091-B8CD-FFD3CCD62026}"
EndProject
Project("{FAE04EC0-301F-11D3-BF4B-00C04F79EFBC}") = "IBT.Producer", "IBT.Producer\IBT.Producer.csproj", "{1F1FA308-5113-434F-8BE8-D03DCD85B473}"
EndProject
Project("{FAE04EC0-301F-11D3-BF4B-00C04F79EFBC}") = "IBT.Messaging", "IBT.Messaging\IBT.Messaging.csproj", "{76E3A576-7987-4CE5-AB24-D6BDDFD29BDE}"
EndProject
Global
	GlobalSection(SolutionConfigurationPlatforms) = preSolution
		Debug|Any CPU = Debug|Any CPU
		Release|Any CPU = Release|Any CPU
	EndGlobalSection
	GlobalSection(ProjectConfigurationPlatforms) = postSolution
		{E4A1F703-1FDD-42C6-B644-052C07504D53}.Debug|Any CPU.ActiveCfg = Debug|Any CPU
		{E4A1F703-1FDD-42C6-B644-052C07504D53}.Debug|Any CPU.Build.0 = Debug|Any CPU
		{E4A1F703-1FDD-42C6-B644-052C07504D53}.Release|Any CPU.ActiveCfg = Release|Any CPU
		{E4A1F703-1FDD-42C6-B644-052C07504D53}.Release|Any CPU.Build.0 = Release|Any CPU
		{05C9F4D1-1B16-4091-B8CD-FFD3CCD62026}.Debug|Any CPU.ActiveCfg = Debug|Any CPU
		{05C9F4D1-1B16-4091-B8CD-FFD3CCD62026}.Debug|Any CPU.Build.0 = Debug|Any CPU
		{05C9F4D1-1B16-4091-B8CD-FFD3CCD62026}.Release|Any CPU.ActiveCfg = Release|Any CPU
		{05C9F4D1-1B16-4091-B8CD-FFD3CCD62026}.Release|Any CPU.Build.0 = Release|Any CPU
		{1F1FA308-5113-434F-8BE8-D03DCD85B473}.Debug|Any CPU.ActiveCfg = Debug|Any CPU
		{1F1FA308-5113-434F-8BE8-D03DCD85B473}.Debug|Any CPU.Build.0 = Debug|Any CPU
		{1F1FA308-5113-434F-8BE8-D03DCD85B473}.Release|Any CPU.ActiveCfg = Release|Any CPU
		{1F1FA308-5113-434F-8BE8-D03DCD85B473}.Release|Any CPU.Build.0 = Release|Any CPU
		{76E3A576-7987-4CE5-AB24-D6BDDFD29BDE}.Debug|Any CPU.ActiveCfg = Debug|Any CPU
		{76E3A576-7987-4CE5-AB24-D6BDDFD29BDE}.Debug|Any CPU.Build.0 = Debug|Any CPU
		{76E3A576-7987-4CE5-AB24-D6BDDFD29BDE}.Release|Any CPU.ActiveCfg = Release|Any CPU
		{76E3A576-7987-4CE5-AB24-D6BDDFD29BDE}.Release|Any CPU.Build.0 = Release|Any CPU
	EndGlobalSection
	GlobalSection(SolutionProperties) = preSolution
		HideSolutionNode = FALSE
	EndGlobalSection
	GlobalSection(ExtensibilityGlobals) = postSolution
		SolutionGuid = {57CE8F56-8F15-48B2-9AB5-691340981EF5}
	EndGlobalSection
EndGlobal
